
Microsoft Visual Studio Solution File, Format Version 12.00
# Visual Studio Version 17
VisualStudioVersion = 17.14.36221.1 d17.14
MinimumVisualStudioVersion = 10.0.40219.1
Project("{FAE04EC0-301F-11D3-BF4B-00C04F79EFBC}") = "TextRPG", "TextRPG\TextRPG.csproj", "{8D820649-3BB9-4A77-86F5-465FD9B7C8C5}"
EndProject
Global
	GlobalSection(SolutionConfigurationPlatforms) = preSolution
		Debug|Any CPU = Debug|Any CPU
		Release|Any CPU = Release|Any CPU
	EndGlobalSection
	GlobalSection(ProjectConfigurationPlatforms) = postSolution
		{8D820649-3BB9-4A77-86F5-465FD9B7C8C5}.Debug|Any CPU.ActiveCfg = Debug|Any CPU
		{8D820649-3BB9-4A77-86F5-465FD9B7C8C5}.Debug|Any CPU.Build.0 = Debug|Any CPU
		{8D820649-3BB9-4A77-86F5-465FD9B7C8C5}.Release|Any CPU.ActiveCfg = Release|Any CPU
		{8D820649-3BB9-4A77-86F5-465FD9B7C8C5}.Release|Any CPU.Build.0 = Release|Any CPU
	EndGlobalSection
	GlobalSection(SolutionProperties) = preSolution
		HideSolutionNode = FALSE
	EndGlobalSection
	GlobalSection(ExtensibilityGlobals) = postSolution
		SolutionGuid = {4E40532A-8B80-439C-9283-1B086D3FEA3B}
	EndGlobalSection
EndGlobal
